
Microsoft Visual Studio Solution File, Format Version 12.00
# Visual Studio 15
VisualStudioVersion = 15.0.35213.121
MinimumVisualStudioVersion = 10.0.40219.1
Project("{FAE04EC0-301F-11D3-BF4B-00C04F79EFBC}") = "Tic_Tac_Toe", "Tic_Tac_Toe\Tic_Tac_Toe.csproj", "{29D706F8-A04C-410E-98C8-BD7EB28EB763}"
EndProject
Global
	GlobalSection(SolutionConfigurationPlatforms) = preSolution
		Debug|Any CPU = Debug|Any CPU
		Release|Any CPU = Release|Any CPU
	EndGlobalSection
	GlobalSection(ProjectConfigurationPlatforms) = postSolution
		{29D706F8-A04C-410E-98C8-BD7EB28EB763}.Debug|Any CPU.ActiveCfg = Debug|Any CPU
		{29D706F8-A04C-410E-98C8-BD7EB28EB763}.Debug|Any CPU.Build.0 = Debug|Any CPU
		{29D706F8-A04C-410E-98C8-BD7EB28EB763}.Release|Any CPU.ActiveCfg = Release|Any CPU
		{29D706F8-A04C-410E-98C8-BD7EB28EB763}.Release|Any CPU.Build.0 = Release|Any CPU
	EndGlobalSection
	GlobalSection(SolutionProperties) = preSolution
		HideSolutionNode = FALSE
	EndGlobalSection
	GlobalSection(ExtensibilityGlobals) = postSolution
		SolutionGuid = {CC3B33BE-53A8-42D9-B59B-B5CC8EBF5D37}
	EndGlobalSection
EndGlobal
